// !$*UTF8*$!
{
	archiveVersion = 1;
	classes = {
	};
	objectVersion = 77;
	objects = {

/* Begin PBXContainerItemProxy section */
		D0EDF02A2F0189F70038104A /* PBXContainerItemProxy */ = {
			isa = PBXContainerItemProxy;
			containerPortal = D0EDF0142F0189F60038104A /* Project object */;
			proxyType = 1;
			remoteGlobalIDString = D0EDF01B2F0189F60038104A;
			remoteInfo = LootsDisplay;
		};
		D0EDF0342F0189F70038104A /* PBXContainerItemProxy */ = {
			isa = PBXContainerItemProxy;
			containerPortal = D0EDF0142F0189F60038104A /* Project object */;
			proxyType = 1;
			remoteGlobalIDString = D0EDF01B2F0189F60038104A;
			remoteInfo = LootsDisplay;
		};
/* End PBXContainerItemProxy section */

/* Begin PBXFileReference section */
		D0EDF01C2F0189F60038104A /* LootsDisplay.app */ = {isa = PBXFileReference; explicitFileType = wrapper.application; includeInIndex = 0; path = LootsDisplay.app; sourceTree = BUILT_PRODUCTS_DIR; };
		D0EDF0292F0189F70038104A /* LootsDisplayTests.xctest */ = {isa = PBXFileReference; explicitFileType = wrapper.cfbundle; includeInIndex = 0; path = LootsDisplayTests.xctest; sourceTree = BUILT_PRODUCTS_DIR; };
		D0EDF0332F0189F70038104A /* LootsDisplayUITests.xctest */ = {isa = PBXFileReference; explicitFileType = wrapper.cfbundle; includeInIndex = 0; path = LootsDisplayUITests.xctest; sourceTree = BUILT_PRODUCTS_DIR; };
/* End PBXFileReference section */

/* Begin PBXFileSystemSynchronizedRootGroup section */
		D0EDF01E2F0189F60038104A /* LootsDisplay */ = {
			isa = PBXFileSystemSynchronizedRootGroup;
			path = LootsDisplay;
			sourceTree = "<group>";
		};
		D0EDF02C2F0189F70038104A /* LootsDisplayTests */ = {
			isa = PBXFileSystemSynchronizedRootGroup;
			path = LootsDisplayTests;
			sourceTree = "<group>";
		};
		D0EDF0362F0189F70038104A /* LootsDisplayUITests */ = {
			isa = PBXFileSystemSynchronizedRootGroup;
			path = LootsDisplayUITests;
			sourceTree = "<group>";
		};
/* End PBXFileSystemSynchronizedRootGroup section */

/* Begin PBXFrameworksBuildPhase section */
		D0EDF0192F0189F60038104A /* Frameworks */ = {
			isa = PBXFrameworksBuildPhase;
			buildActionMask = 2147483647;
			files = (
			);
			runOnlyForDeploymentPostprocessing = 0;
		};
		D0EDF0262F0189F70038104A /* Frameworks */ = {
			isa = PBXFrameworksBuildPhase;
			buildActionMask = 2147483647;
			files = (
			);
			runOnlyForDeploymentPostprocessing = 0;
		};
		D0EDF0302F0189F70038104A /* Frameworks */ = {
			isa = PBXFrameworksBuildPhase;
			buildActionMask = 2147483647;
			files = (
			);
			runOnlyForDeploymentPostprocessing = 0;
		};
/* End PBXFrameworksBuildPhase section */

/* Begin PBXGroup section */
		D0EDF0132F0189F60038104A = {
			isa = PBXGroup;
			children = (
				D0EDF01E2F0189F60038104A /* LootsDisplay */,
				D0EDF02C2F0189F70038104A /* LootsDisplayTests */,
				D0EDF0362F0189F70038104A /* LootsDisplayUITests */,
				D0EDF01D2F0189F60038104A /* Products */,
			);
			sourceTree = "<group>";
		};
		D0EDF01D2F0189F60038104A /* Products */ = {
			isa = PBXGroup;
			children = (
				D0EDF01C2F0189F60038104A /* LootsDisplay.app */,
				D0EDF0292F0189F70038104A /* LootsDisplayTests.xctest */,
				D0EDF0332F0189F70038104A /* LootsDisplayUITests.xctest */,
			);
			name = Products;
			sourceTree = "<group>";
		};
/* End PBXGroup section */

/* Begin PBXNativeTarget section */
		D0EDF01B2F0189F60038104A /* LootsDisplay */ = {
			isa = PBXNativeTarget;
			buildConfigurationList = D0EDF03D2F0189F70038104A /* Build configuration list for PBXNativeTarget "LootsDisplay" */;
			buildPhases = (
				D0EDF0182F0189F60038104A /* Sources */,
				D0EDF0192F0189F60038104A /* Frameworks */,
				D0EDF01A2F0189F60038104A /* Resources */,
			);
			buildRules = (
			);
			dependencies = (
			);
			fileSystemSynchronizedGroups = (
				D0EDF01E2F0189F60038104A /* LootsDisplay */,
			);
			name = LootsDisplay;
			packageProductDependencies = (
			);
			productName = LootsDisplay;
			productReference = D0EDF01C2F0189F60038104A /* LootsDisplay.app */;
			productType = "com.apple.product-type.application";
		};
		D0EDF0282F0189F70038104A /* LootsDisplayTests */ = {
			isa = PBXNativeTarget;
			buildConfigurationList = D0EDF0402F0189F70038104A /* Build configuration list for PBXNativeTarget "LootsDisplayTests" */;
			buildPhases = (
				D0EDF0252F0189F70038104A /* Sources */,
				D0EDF0262F0189F70038104A /* Frameworks */,
				D0EDF0272F0189F70038104A /* Resources */,
			);
			buildRules = (
			);
			dependencies = (
				D0EDF02B2F0189F70038104A /* PBXTargetDependency */,
			);
			fileSystemSynchronizedGroups = (
				D0EDF02C2F0189F70038104A /* LootsDisplayTests */,
			);
			name = LootsDisplayTests;
			packageProductDependencies = (
			);
			productName = LootsDisplayTests;
			productReference = D0EDF0292F0189F70038104A /* LootsDisplayTests.xctest */;
			productType = "com.apple.product-type.bundle.unit-test";
		};
		D0EDF0322F0189F70038104A /* LootsDisplayUITests */ = {
			isa = PBXNativeTarget;
			buildConfigurationList = D0EDF0432F0189F70038104A /* Build configuration list for PBXNativeTarget "LootsDisplayUITests" */;
			buildPhases = (
				D0EDF02F2F0189F70038104A /* Sources */,
				D0EDF0302F0189F70038104A /* Frameworks */,
				D0EDF0312F0189F70038104A /* Resources */,
			);
			buildRules = (
			);
			dependencies = (
				D0EDF0352F0189F70038104A /* PBXTargetDependency */,
			);
			fileSystemSynchronizedGroups = (
				D0EDF0362F0189F70038104A /* LootsDisplayUITests */,
			);
			name = LootsDisplayUITests;
			packageProductDependencies = (
			);
			productName = LootsDisplayUITests;
			productReference = D0EDF0332F0189F70038104A /* LootsDisplayUITests.xctest */;
			productType = "com.apple.product-type.bundle.ui-testing";
		};
/* End PBXNativeTarget section */

/* Begin PBXProject section */
		D0EDF0142F0189F60038104A /* Project object */ = {
			isa = PBXProject;
			attributes = {
				BuildIndependentTargetsInParallel = 1;
				LastSwiftUpdateCheck = 1640;
				LastUpgradeCheck = 1640;
				TargetAttributes = {
					D0EDF01B2F0189F60038104A = {
						CreatedOnToolsVersion = 16.4;
					};
					D0EDF0282F0189F70038104A = {
						CreatedOnToolsVersion = 16.4;
						TestTargetID = D0EDF01B2F0189F60038104A;
					};
					D0EDF0322F0189F70038104A = {
						CreatedOnToolsVersion = 16.4;
						TestTargetID = D0EDF01B2F0189F60038104A;
					};
				};
			};
			buildConfigurationList = D0EDF0172F0189F60038104A /* Build configuration list for PBXProject "LootsDisplay" */;
			developmentRegion = en;
			hasScannedForEncodings = 0;
			knownRegions = (
				en,
				Base,
			);
			mainGroup = D0EDF0132F0189F60038104A;
			minimizedProjectReferenceProxies = 1;
			preferredProjectObjectVersion = 77;
			productRefGroup = D0EDF01D2F0189F60038104A /* Products */;
			projectDirPath = "";
			projectRoot = "";
			targets = (
				D0EDF01B2F0189F60038104A /* LootsDisplay */,
				D0EDF0282F0189F70038104A /* LootsDisplayTests */,
				D0EDF0322F0189F70038104A /* LootsDisplayUITests */,
			);
		};
/* End PBXProject section */

/* Begin PBXResourcesBuildPhase section */
		D0EDF01A2F0189F60038104A /* Resources */ = {
			isa = PBXResourcesBuildPhase;
			buildActionMask = 2147483647;
			files = (
			);
			runOnlyForDeploymentPostprocessing = 0;
		};
		D0EDF0272F0189F70038104A /* Resources */ = {
			isa = PBXResourcesBuildPhase;
			buildActionMask = 2147483647;
			files = (
			);
			runOnlyForDeploymentPostprocessing = 0;
		};
		D0EDF0312F0189F70038104A /* Resources */ = {
			isa = PBXResourcesBuildPhase;
			buildActionMask = 2147483647;
			files = (
			);
			runOnlyForDeploymentPostprocessing = 0;
		};
/* End PBXResourcesBuildPhase section */

/* Begin PBXSourcesBuildPhase section */
		D0EDF0182F0189F60038104A /* Sources */ = {
			isa = PBXSourcesBuildPhase;
			buildActionMask = 2147483647;
			files = (
			);
			runOnlyForDeploymentPostprocessing = 0;
		};
		D0EDF0252F0189F70038104A /* Sources */ = {
			isa = PBXSourcesBuildPhase;
			buildActionMask = 2147483647;
			files = (
			);
			runOnlyForDeploymentPostprocessing = 0;
		};
		D0EDF02F2F0189F70038104A /* Sources */ = {
			isa = PBXSourcesBuildPhase;
			buildActionMask = 2147483647;
			files = (
			);
			runOnlyForDeploymentPostprocessing = 0;
		};
/* End PBXSourcesBuildPhase section */

/* Begin PBXTargetDependency section */
		D0EDF02B2F0189F70038104A /* PBXTargetDependency */ = {
			isa = PBXTargetDependency;
			target = D0EDF01B2F0189F60038104A /* LootsDisplay */;
			targetProxy = D0EDF02A2F0189F70038104A /* PBXContainerItemProxy */;
		};
		D0EDF0352F0189F70038104A /* PBXTargetDependency */ = {
			isa = PBXTargetDependency;
			target = D0EDF01B2F0189F60038104A /* LootsDisplay */;
			targetProxy = D0EDF0342F0189F70038104A /* PBXContainerItemProxy */;
		};
/* End PBXTargetDependency section */

/* Begin XCBuildConfiguration section */
		D0EDF03B2F0189F70038104A /* Debug */ = {
			isa = XCBuildConfiguration;
			buildSettings = {
				ALWAYS_SEARCH_USER_PATHS = NO;
				ASSETCATALOG_COMPILER_GENERATE_SWIFT_ASSET_SYMBOL_EXTENSIONS = YES;
				CLANG_ANALYZER_NONNULL = YES;
				CLANG_ANALYZER_NUMBER_OBJECT_CONVERSION = YES_AGGRESSIVE;
				CLANG_CXX_LANGUAGE_STANDARD = "gnu++20";
				CLANG_ENABLE_MODULES = YES;
				CLANG_ENABLE_OBJC_ARC = YES;
				CLANG_ENABLE_OBJC_WEAK = YES;
				CLANG_WARN_BLOCK_CAPTURE_AUTORELEASING = YES;
				CLANG_WARN_BOOL_CONVERSION = YES;
				CLANG_WARN_COMMA = YES;
				CLANG_WARN_CONSTANT_CONVERSION = YES;
				CLANG_WARN_DEPRECATED_OBJC_IMPLEMENTATIONS = YES;
				CLANG_WARN_DIRECT_OBJC_ISA_USAGE = YES_ERROR;
				CLANG_WARN_DOCUMENTATION_COMMENTS = YES;
				CLANG_WARN_EMPTY_BODY = YES;
				CLANG_WARN_ENUM_CONVERSION = YES;
				CLANG_WARN_INFINITE_RECURSION = YES;
				CLANG_WARN_INT_CONVERSION = YES;
				CLANG_WARN_NON_LITERAL_NULL_CONVERSION = YES;
				CLANG_WARN_OBJC_IMPLICIT_RETAIN_SELF = YES;
				CLANG_WARN_OBJC_LITERAL_CONVERSION = YES;
				CLANG_WARN_OBJC_ROOT_CLASS = YES_ERROR;
				CLANG_WARN_QUOTED_INCLUDE_IN_FRAMEWORK_HEADER = YES;
				CLANG_WARN_RANGE_LOOP_ANALYSIS = YES;
				CLANG_WARN_STRICT_PROTOTYPES = YES;
				CLANG_WARN_SUSPICIOUS_MOVE = YES;
				CLANG_WARN_UNGUARDED_AVAILABILITY = YES_AGGRESSIVE;
				CLANG_WARN_UNREACHABLE_CODE = YES;
				CLANG_WARN__DUPLICATE_METHOD_MATCH = YES;
				COPY_PHASE_STRIP = NO;
				DEBUG_INFORMATION_FORMAT = dwarf;
				DEVELOPMENT_TEAM = 3N7CT94HF7;
				ENABLE_STRICT_OBJC_MSGSEND = YES;
				ENABLE_TESTABILITY = YES;
				ENABLE_USER_SCRIPT_SANDBOXING = YES;
				GCC_C_LANGUAGE_STANDARD = gnu17;
				GCC_DYNAMIC_NO_PIC = NO;
				GCC_NO_COMMON_BLOCKS = YES;
				GCC_OPTIMIZATION_LEVEL = 0;
				GCC_PREPROCESSOR_DEFINITIONS = (
					"DEBUG=1",
					"$(inherited)",
				);
				GCC_WARN_64_TO_32_BIT_CONVERSION = YES;
				GCC_WARN_ABOUT_RETURN_TYPE = YES_ERROR;
				GCC_WARN_UNDECLARED_SELECTOR = YES;
				GCC_WARN_UNINITIALIZED_AUTOS = YES_AGGRESSIVE;
				GCC_WARN_UNUSED_FUNCTION = YES;
				GCC_WARN_UNUSED_VARIABLE = YES;
				IPHONEOS_DEPLOYMENT_TARGET = 18.5;
				LOCALIZATION_PREFERS_STRING_CATALOGS = YES;
				MTL_ENABLE_DEBUG_INFO = INCLUDE_SOURCE;
				MTL_FAST_MATH = YES;
				ONLY_ACTIVE_ARCH = YES;
				SDKROOT = iphoneos;
				SWIFT_ACTIVE_COMPILATION_CONDITIONS = "DEBUG $(inherited)";
				SWIFT_OPTIMIZATION_LEVEL = "-Onone";
			};
			name = Debug;
		};
		D0EDF03C2F0189F70038104A /* Release */ = {
			isa = XCBuildConfiguration;
			buildSettings = {
				ALWAYS_SEARCH_USER_PATHS = NO;
				ASSETCATALOG_COMPILER_GENERATE_SWIFT_ASSET_SYMBOL_EXTENSIONS = YES;
				CLANG_ANALYZER_NONNULL = YES;
				CLANG_ANALYZER_NUMBER_OBJECT_CONVERSION = YES_AGGRESSIVE;
				CLANG_CXX_LANGUAGE_STANDARD = "gnu++20";
				CLANG_ENABLE_MODULES = YES;
				CLANG_ENABLE_OBJC_ARC = YES;
				CLANG_ENABLE_OBJC_WEAK = YES;
				CLANG_WARN_BLOCK_CAPTURE_AUTORELEASING = YES;
				CLANG_WARN_BOOL_CONVERSION = YES;
				CLANG_WARN_COMMA = YES;
				CLANG_WARN_CONSTANT_CONVERSION = YES;
				CLANG_WARN_DEPRECATED_OBJC_IMPLEMENTATIONS = YES;
				CLANG_WARN_DIRECT_OBJC_ISA_USAGE = YES_ERROR;
				CLANG_WARN_DOCUMENTATION_COMMENTS = YES;
				CLANG_WARN_EMPTY_BODY = YES;
				CLANG_WARN_ENUM_CONVERSION = YES;
				CLANG_WARN_INFINITE_RECURSION = YES;
				CLANG_WARN_INT_CONVERSION = YES;
				CLANG_WARN_NON_LITERAL_NULL_CONVERSION = YES;
				CLANG_WARN_OBJC_IMPLICIT_RETAIN_SELF = YES;
				CLANG_WARN_OBJC_LITERAL_CONVERSION = YES;
				CLANG_WARN_OBJC_ROOT_CLASS = YES_ERROR;
				CLANG_WARN_QUOTED_INCLUDE_IN_FRAMEWORK_HEADER = YES;
				CLANG_WARN_RANGE_LOOP_ANALYSIS = YES;
				CLANG_WARN_STRICT_PROTOTYPES = YES;
				CLANG_WARN_SUSPICIOUS_MOVE = YES;
				CLANG_WARN_UNGUARDED_AVAILABILITY = YES_AGGRESSIVE;
				CLANG_WARN_UNREACHABLE_CODE = YES;
				CLANG_WARN__DUPLICATE_METHOD_MATCH = YES;
				COPY_PHASE_STRIP = NO;
				DEBUG_INFORMATION_FORMAT = "dwarf-with-dsym";
				DEVELOPMENT_TEAM = 3N7CT94HF7;
				ENABLE_NS_ASSERTIONS = NO;
				ENABLE_STRICT_OBJC_MSGSEND = YES;
				ENABLE_USER_SCRIPT_SANDBOXING = YES;
				GCC_C_LANGUAGE_STANDARD = gnu17;
				GCC_NO_COMMON_BLOCKS = YES;
				GCC_WARN_64_TO_32_BIT_CONVERSION = YES;
				GCC_WARN_ABOUT_RETURN_TYPE = YES_ERROR;
				GCC_WARN_UNDECLARED_SELECTOR = YES;
				GCC_WARN_UNINITIALIZED_AUTOS = YES_AGGRESSIVE;
				GCC_WARN_UNUSED_FUNCTION = YES;
				GCC_WARN_UNUSED_VARIABLE = YES;
				IPHONEOS_DEPLOYMENT_TARGET = 18.5;
				LOCALIZATION_PREFERS_STRING_CATALOGS = YES;
				MTL_ENABLE_DEBUG_INFO = NO;
				MTL_FAST_MATH = YES;
				SDKROOT = iphoneos;
				SWIFT_COMPILATION_MODE = wholemodule;
				VALIDATE_PRODUCT = YES;
			};
			name = Release;
		};
		D0EDF03E2F0189F70038104A /* Debug */ = {
			isa = XCBuildConfiguration;
			buildSettings = {
				ASSETCATALOG_COMPILER_APPICON_NAME = AppIcon;
				ASSETCATALOG_COMPILER_GLOBAL_ACCENT_COLOR_NAME = AccentColor;
				CODE_SIGN_STYLE = Automatic;
				CURRENT_PROJECT_VERSION = 1;
				DEVELOPMENT_TEAM = 3N7CT94HF7;
				ENABLE_PREVIEWS = YES;
				GENERATE_INFOPLIST_FILE = YES;
				INFOPLIST_KEY_NSBluetoothAlwaysUsageDescription = "This app needs Bluetooth access to scan for experimental sensor devices.";
				INFOPLIST_KEY_NSLocationWhenInUseUsageDescription = "\"This app needs location to display GPS data.\"";
				INFOPLIST_KEY_NSMotionUsageDescription = "\"This app needs motion data to show your movement.\"";
				INFOPLIST_KEY_UIApplicationSceneManifest_Generation = YES;
				INFOPLIST_KEY_UIApplicationSupportsIndirectInputEvents = YES;
				INFOPLIST_KEY_UILaunchScreen_Generation = YES;
				INFOPLIST_KEY_UISupportedInterfaceOrientations_iPad = "UIInterfaceOrientationPortrait UIInterfaceOrientationPortraitUpsideDown UIInterfaceOrientationLandscapeLeft UIInterfaceOrientationLandscapeRight";
				INFOPLIST_KEY_UISupportedInterfaceOrientations_iPhone = "UIInterfaceOrientationPortrait UIInterfaceOrientationLandscapeLeft UIInterfaceOrientationLandscapeRight";
				LD_RUNPATH_SEARCH_PATHS = (
					"$(inherited)",
					"@executable_path/Frameworks",
				);
				MARKETING_VERSION = 1.0;
				PRODUCT_BUNDLE_IDENTIFIER = Loola.LootsDisplay;
				PRODUCT_NAME = "$(TARGET_NAME)";
				SWIFT_EMIT_LOC_STRINGS = YES;
				SWIFT_VERSION = 5.0;
				TARGETED_DEVICE_FAMILY = "1,2";
			};
			name = Debug;
		};
		D0EDF03F2F0189F70038104A /* Release */ = {
			isa = XCBuildConfiguration;
			buildSettings = {
				ASSETCATALOG_COMPILER_APPICON_NAME = AppIcon;
				ASSETCATALOG_COMPILER_GLOBAL_ACCENT_COLOR_NAME = AccentColor;
				CODE_SIGN_STYLE = Automatic;
				CURRENT_PROJECT_VERSION = 1;
				DEVELOPMENT_TEAM = 3N7CT94HF7;
				ENABLE_PREVIEWS = YES;
				GENERATE_INFOPLIST_FILE = YES;
				INFOPLIST_KEY_NSBluetoothAlwaysUsageDescription = "This app needs Bluetooth access to scan for experimental sensor devices.";
				INFOPLIST_KEY_NSLocationWhenInUseUsageDescription = "\"This app needs location to display GPS data.\"";
				INFOPLIST_KEY_NSMotionUsageDescription = "\"This app needs motion data to show your movement.\"";
				INFOPLIST_KEY_UIApplicationSceneManifest_Generation = YES;
				INFOPLIST_KEY_UIApplicationSupportsIndirectInputEvents = YES;
				INFOPLIST_KEY_UILaunchScreen_Generation = YES;
				INFOPLIST_KEY_UISupportedInterfaceOrientations_iPad = "UIInterfaceOrientationPortrait UIInterfaceOrientationPortraitUpsideDown UIInterfaceOrientationLandscapeLeft UIInterfaceOrientationLandscapeRight";
				INFOPLIST_KEY_UISupportedInterfaceOrientations_iPhone = "UIInterfaceOrientationPortrait UIInterfaceOrientationLandscapeLeft UIInterfaceOrientationLandscapeRight";
				LD_RUNPATH_SEARCH_PATHS = (
					"$(inherited)",
					"@executable_path/Frameworks",
				);
				MARKETING_VERSION = 1.0;
				PRODUCT_BUNDLE_IDENTIFIER = Loola.LootsDisplay;
				PRODUCT_NAME = "$(TARGET_NAME)";
				SWIFT_EMIT_LOC_STRINGS = YES;
				SWIFT_VERSION = 5.0;
				TARGETED_DEVICE_FAMILY = "1,2";
			};
			name = Release;
		};
		D0EDF0412F0189F70038104A /* Debug */ = {
			isa = XCBuildConfiguration;
			buildSettings = {
				BUNDLE_LOADER = "$(TEST_HOST)";
				CODE_SIGN_STYLE = Automatic;
				CURRENT_PROJECT_VERSION = 1;
				DEVELOPMENT_TEAM = 3N7CT94HF7;
				GENERATE_INFOPLIST_FILE = YES;
				IPHONEOS_DEPLOYMENT_TARGET = 18.5;
				MARKETING_VERSION = 1.0;
				PRODUCT_BUNDLE_IDENTIFIER = Loola.LootsDisplayTests;
				PRODUCT_NAME = "$(TARGET_NAME)";
				SWIFT_EMIT_LOC_STRINGS = NO;
				SWIFT_VERSION = 5.0;
				TARGETED_DEVICE_FAMILY = "1,2";
				TEST_HOST = "$(BUILT_PRODUCTS_DIR)/LootsDisplay.app/$(BUNDLE_EXECUTABLE_FOLDER_PATH)/LootsDisplay";
			};
			name = Debug;
		};
		D0EDF0422F0189F70038104A /* Release */ = {
			isa = XCBuildConfiguration;
			buildSettings = {
				BUNDLE_LOADER = "$(TEST_HOST)";
				CODE_SIGN_STYLE = Automatic;
				CURRENT_PROJECT_VERSION = 1;
				DEVELOPMENT_TEAM = 3N7CT94HF7;
				GENERATE_INFOPLIST_FILE = YES;
				IPHONEOS_DEPLOYMENT_TARGET = 18.5;
				MARKETING_VERSION = 1.0;
				PRODUCT_BUNDLE_IDENTIFIER = Loola.LootsDisplayTests;
				PRODUCT_NAME = "$(TARGET_NAME)";
				SWIFT_EMIT_LOC_STRINGS = NO;
				SWIFT_VERSION = 5.0;
				TARGETED_DEVICE_FAMILY = "1,2";
				TEST_HOST = "$(BUILT_PRODUCTS_DIR)/LootsDisplay.app/$(BUNDLE_EXECUTABLE_FOLDER_PATH)/LootsDisplay";
			};
			name = Release;
		};
		D0EDF0442F0189F70038104A /* Debug */ = {
			isa = XCBuildConfiguration;
			buildSettings = {
				CODE_SIGN_STYLE = Automatic;
				CURRENT_PROJECT_VERSION = 1;
				DEVELOPMENT_TEAM = 3N7CT94HF7;
				GENERATE_INFOPLIST_FILE = YES;
				MARKETING_VERSION = 1.0;
				PRODUCT_BUNDLE_IDENTIFIER = Loola.LootsDisplayUITests;
				PRODUCT_NAME = "$(TARGET_NAME)";
				SWIFT_EMIT_LOC_STRINGS = NO;
				SWIFT_VERSION = 5.0;
				TARGETED_DEVICE_FAMILY = "1,2";
				TEST_TARGET_NAME = LootsDisplay;
			};
			name = Debug;
		};
		D0EDF0452F0189F70038104A /* Release */ = {
			isa = XCBuildConfiguration;
			buildSettings = {
				CODE_SIGN_STYLE = Automatic;
				CURRENT_PROJECT_VERSION = 1;
				DEVELOPMENT_TEAM = 3N7CT94HF7;
				GENERATE_INFOPLIST_FILE = YES;
				MARKETING_VERSION = 1.0;
				PRODUCT_BUNDLE_IDENTIFIER = Loola.LootsDisplayUITests;
				PRODUCT_NAME = "$(TARGET_NAME)";
				SWIFT_EMIT_LOC_STRINGS = NO;
				SWIFT_VERSION = 5.0;
				TARGETED_DEVICE_FAMILY = "1,2";
				TEST_TARGET_NAME = LootsDisplay;
			};
			name = Release;
		};
/* End XCBuildConfiguration section */

/* Begin XCConfigurationList section */
		D0EDF0172F0189F60038104A /* Build configuration list for PBXProject "LootsDisplay" */ = {
			isa = XCConfigurationList;
			buildConfigurations = (
				D0EDF03B2F0189F70038104A /* Debug */,
				D0EDF03C2F0189F70038104A /* Release */,
			);
			defaultConfigurationIsVisible = 0;
			defaultConfigurationName = Release;
		};
		D0EDF03D2F0189F70038104A /* Build configuration list for PBXNativeTarget "LootsDisplay" */ = {
			isa = XCConfigurationList;
			buildConfigurations = (
				D0EDF03E2F0189F70038104A /* Debug */,
				D0EDF03F2F0189F70038104A /* Release */,
			);
			defaultConfigurationIsVisible = 0;
			defaultConfigurationName = Release;
		};
		D0EDF0402F0189F70038104A /* Build configuration list for PBXNativeTarget "LootsDisplayTests" */ = {
			isa = XCConfigurationList;
			buildConfigurations = (
				D0EDF0412F0189F70038104A /* Debug */,
				D0EDF0422F0189F70038104A /* Release */,
			);
			defaultConfigurationIsVisible = 0;
			defaultConfigurationName = Release;
		};
		D0EDF0432F0189F70038104A /* Build configuration list for PBXNativeTarget "LootsDisplayUITests" */ = {
			isa = XCConfigurationList;
			buildConfigurations = (
				D0EDF0442F0189F70038104A /* Debug */,
				D0EDF0452F0189F70038104A /* Release */,
			);
			defaultConfigurationIsVisible = 0;
			defaultConfigurationName = Release;
		};
/* End XCConfigurationList section */
	};
	rootObject = D0EDF0142F0189F60038104A /* Project object */;
}
